
Microsoft Visual Studio Solution File, Format Version 12.00
# Visual Studio Version 16
VisualStudioVersion = 25.0.1706.6
MinimumVisualStudioVersion = 10.0.40219.1
Project("{FAE04EC0-301F-11D3-BF4B-00C04F79EFBC}") = "TarWebApi", "TarWebApi\TarWebApi.csproj", "{B4C9F4CF-F04D-4A47-BBD8-534E9693427C}"
EndProject
Global
	GlobalSection(SolutionConfigurationPlatforms) = preSolution
		Debug|Any CPU = Debug|Any CPU
		Release|Any CPU = Release|Any CPU
	EndGlobalSection
	GlobalSection(ProjectConfigurationPlatforms) = postSolution
		{B4C9F4CF-F04D-4A47-BBD8-534E9693427C}.Debug|Any CPU.ActiveCfg = Debug|Any CPU
		{B4C9F4CF-F04D-4A47-BBD8-534E9693427C}.Debug|Any CPU.Build.0 = Debug|Any CPU
		{B4C9F4CF-F04D-4A47-BBD8-534E9693427C}.Release|Any CPU.ActiveCfg = Release|Any CPU
		{B4C9F4CF-F04D-4A47-BBD8-534E9693427C}.Release|Any CPU.Build.0 = Release|Any CPU
	EndGlobalSection
	GlobalSection(SolutionProperties) = preSolution
		HideSolutionNode = FALSE
	EndGlobalSection
	GlobalSection(ExtensibilityGlobals) = postSolution
		SolutionGuid = {D7F4CF90-897E-429B-B3E5-A08F16A321C9}
	EndGlobalSection
EndGlobal
